# THIS IS AN AUTOGENERATED FILE. DO NOT EDIT THIS FILE DIRECTLY.
# yarn lockfile v1


single-spa-angular@^8.0.0:
  version "8.0.0"
  resolved "http://sinopia.node.hualala.com/single-spa-angular/-/single-spa-angular-8.0.0.tgz#42d58bd65790737a8b08687787b231ba2ceb8dec"
  integrity sha512-mdcU3fspHeUTjvo4pHomJgGTd0bhwQEjvJXtz132mDeYQ6+MJY0n6mF5hS4DKG6fbhhnHQxkPsg1VwmBKYfFnw==
  dependencies:
    tslib "^2.3.0"

tslib@^2.3.0:
  version "2.4.1"
  resolved "http://sinopia.node.hualala.com/tslib/-/tslib-2.4.1.tgz#0d0bfbaac2880b91e22df0768e55be9753a5b17e"
  integrity sha512-tGyy4dAjRIEwI7BzsB0lynWgOpfqjUdq91XXAlIWD2OwKBH7oCl/GZG/HT4BOHrTlPMOASlMQ7veyTqpmRcrNA==
