# THIS IS AN AUTOGENERATED FILE. DO NOT EDIT THIS FILE DIRECTLY.
# yarn lockfile v1


"@remix-run/router@1.2.1":
  version "1.2.1"
  resolved "http://sinopia.node.hualala.com/@remix-run%2frouter/-/router-1.2.1.tgz#812edd4104a15a493dda1ccac0b352270d7a188c"
  integrity sha512-XiY0IsyHR+DXYS5vBxpoBe/8veTeoRpMHP+vDosLZxL5bnpetzI0igkxkLZS235ldLzyfkxF+2divEwWHP3vMQ==

browserslist-config-single-spa@^1.0.1:
  version "1.0.1"
  resolved "http://sinopia.node.hualala.com/browserslist-config-single-spa/-/browserslist-config-single-spa-1.0.1.tgz#965f1f1606ba44671e649f410d8b8f735a327301"
  integrity sha1-ll8fFga6RGceZJ9BDYuPc1oycwE=

"js-tokens@^3.0.0 || ^4.0.0":
  version "4.0.0"
  resolved "http://sinopia.node.hualala.com/js-tokens/-/js-tokens-4.0.0.tgz#19203fb59991df98e3a287050d4647cdeaf32499"
  integrity sha1-GSA/tZmR35jjoocFDUZHzerzJJk=

loose-envify@^1.1.0:
  version "1.4.0"
  resolved "http://sinopia.node.hualala.com/loose-envify/-/loose-envify-1.4.0.tgz#71ee51fa7be4caec1a63839f7e682d8132d30caf"
  integrity sha1-ce5R+nvkyuwaY4OffmgtgTLTDK8=
  dependencies:
    js-tokens "^3.0.0 || ^4.0.0"

react-dom@^18.2.0:
  version "18.2.0"
  resolved "http://sinopia.node.hualala.com/react-dom/-/react-dom-18.2.0.tgz#22aaf38708db2674ed9ada224ca4aa708d821e3d"
  integrity sha512-6IMTriUmvsjHUjNtEDudZfuDQUoWXVxKHhlEGSk81n4YFS+r/Kl99wXiwlVXtPBtJenozv2P+hxDsw9eA7Xo6g==
  dependencies:
    loose-envify "^1.1.0"
    scheduler "^0.23.0"

react-router-dom@^6.6.2:
  version "6.6.2"
  resolved "http://sinopia.node.hualala.com/react-router-dom/-/react-router-dom-6.6.2.tgz#bbf1f9b45855b218d22fc2d294b79408a084740a"
  integrity sha512-6SCDXxRQqW5af8ImOqKza7icmQ47/EMbz572uFjzvcArg3lZ+04PxSPp8qGs+p2Y+q+b+S/AjXv8m8dyLndIIA==
  dependencies:
    "@remix-run/router" "1.2.1"
    react-router "6.6.2"

react-router@6.6.2:
  version "6.6.2"
  resolved "http://sinopia.node.hualala.com/react-router/-/react-router-6.6.2.tgz#556f7b56cff7fe32c5c02429fef3fcb2ecd08111"
  integrity sha512-uJPG55Pek3orClbURDvfljhqFvMgJRo59Pktywkk8hUUkTY2aRfza8Yhl/vZQXs+TNQyr6tu+uqz/fLxPICOGQ==
  dependencies:
    "@remix-run/router" "1.2.1"

react@^18.2.0:
  version "18.2.0"
  resolved "http://sinopia.node.hualala.com/react/-/react-18.2.0.tgz#555bd98592883255fa00de14f1151a917b5d77d5"
  integrity sha512-/3IjMdb2L9QbBdWiW5e3P2/npwMBaU9mHCSCUzNln0ZCYbcfTsGbTJrU/kGemdH2IWmB2ioZ+zkxtmq6g09fGQ==
  dependencies:
    loose-envify "^1.1.0"

scheduler@^0.23.0:
  version "0.23.0"
  resolved "http://sinopia.node.hualala.com/scheduler/-/scheduler-0.23.0.tgz#ba8041afc3d30eb206a487b6b384002e4e61fdfe"
  integrity sha512-CtuThmgHNg7zIZWAXi3AsyIzA3n4xx7aNyjwC2VJldO2LMVDhFK+63xGqq6CsJH4rTAt6/M+N4GhZiDYPx9eUw==
  dependencies:
    loose-envify "^1.1.0"

single-spa-react@^5.0.0:
  version "5.0.0"
  resolved "http://sinopia.node.hualala.com/single-spa-react/-/single-spa-react-5.0.0.tgz#8e25ff542c36c0ec466fdb8868abaa3127a1659c"
  integrity sha512-gObC4D5tiu+dXty03y7hiFN/mvW8pjemww0UiM7mO8DWBS8JU+Y6L/Mlt9GptcD6kVu/mI+66IvhtQ736C0bVg==
  dependencies:
    browserslist-config-single-spa "^1.0.1"
